{
    "name": "jquery_selectors_mergez",
    "version": "1.0.1",
    "lockfileVersion": 2,
    "requires": true,
    "packages": {
        "": {
            "name": "jquery_selectors_mergez",
            "version": "1.0.1",
            "license": "MIT",
            "dependencies": {
                "jquery_selectors_mergez": "^1.0.1"
            }
        },
        "node_modules/jquery_selectors_mergez": {
            "version": "1.0.1",
            "resolved": "https://registry.npmjs.org/jquery_selectors_mergez/-/jquery_selectors_mergez-1.0.1.tgz",
            "integrity": "sha512-n2qVxee/TgEgfMFKx5F3HcCwI3L2DiQDYizz3sGauf/Ld2FcHbdH9F7dVS23P0Akrp693+l30lZ7vBNJ5R5yEw=="
        }
    },
    "dependencies": {
        "jquery_selectors_mergez": {
            "version": "1.0.1",
            "resolved": "https://registry.npmjs.org/jquery_selectors_mergez/-/jquery_selectors_mergez-1.0.1.tgz",
            "integrity": "sha512-n2qVxee/TgEgfMFKx5F3HcCwI3L2DiQDYizz3sGauf/Ld2FcHbdH9F7dVS23P0Akrp693+l30lZ7vBNJ5R5yEw=="
        }
    }
}
